
Microsoft Visual Studio Solution File, Format Version 12.00
# Visual Studio Version 17
VisualStudioVersion = 17.7.34202.233
MinimumVisualStudioVersion = 10.0.40219.1
Project("{FAE04EC0-301F-11D3-BF4B-00C04F79EFBC}") = "ZTM_LINQ", "ZTM_LINQ\ZTM_LINQ.csproj", "{41363CC9-5597-4F9E-86C9-5A8C61F7851C}"
EndProject
Global
	GlobalSection(SolutionConfigurationPlatforms) = preSolution
		Debug|Any CPU = Debug|Any CPU
		Release|Any CPU = Release|Any CPU
	EndGlobalSection
	GlobalSection(ProjectConfigurationPlatforms) = postSolution
		{41363CC9-5597-4F9E-86C9-5A8C61F7851C}.Debug|Any CPU.ActiveCfg = Debug|Any CPU
		{41363CC9-5597-4F9E-86C9-5A8C61F7851C}.Debug|Any CPU.Build.0 = Debug|Any CPU
		{41363CC9-5597-4F9E-86C9-5A8C61F7851C}.Release|Any CPU.ActiveCfg = Release|Any CPU
		{41363CC9-5597-4F9E-86C9-5A8C61F7851C}.Release|Any CPU.Build.0 = Release|Any CPU
	EndGlobalSection
	GlobalSection(SolutionProperties) = preSolution
		HideSolutionNode = FALSE
	EndGlobalSection
	GlobalSection(ExtensibilityGlobals) = postSolution
		SolutionGuid = {2A5409C6-7B88-4CAC-A6A0-65E39427597A}
	EndGlobalSection
EndGlobal
